
Microsoft Visual Studio Solution File, Format Version 12.00
# Visual Studio Version 17
VisualStudioVersion = 17.10.35027.167
MinimumVisualStudioVersion = 10.0.40219.1
Project("{FAE04EC0-301F-11D3-BF4B-00C04F79EFBC}") = "WindowsFormsApp3", "WindowsFormsApp3\WindowsFormsApp3.csproj", "{32244489-424D-41A2-A559-73BC1E4A8DEC}"
EndProject
Global
	GlobalSection(SolutionConfigurationPlatforms) = preSolution
		Debug|Any CPU = Debug|Any CPU
		Release|Any CPU = Release|Any CPU
	EndGlobalSection
	GlobalSection(ProjectConfigurationPlatforms) = postSolution
		{32244489-424D-41A2-A559-73BC1E4A8DEC}.Debug|Any CPU.ActiveCfg = Debug|Any CPU
		{32244489-424D-41A2-A559-73BC1E4A8DEC}.Debug|Any CPU.Build.0 = Debug|Any CPU
		{32244489-424D-41A2-A559-73BC1E4A8DEC}.Release|Any CPU.ActiveCfg = Release|Any CPU
		{32244489-424D-41A2-A559-73BC1E4A8DEC}.Release|Any CPU.Build.0 = Release|Any CPU
	EndGlobalSection
	GlobalSection(SolutionProperties) = preSolution
		HideSolutionNode = FALSE
	EndGlobalSection
	GlobalSection(ExtensibilityGlobals) = postSolution
		SolutionGuid = {D58784F1-BB3D-405F-A279-1256F0E8D640}
	EndGlobalSection
EndGlobal
